
Microsoft Visual Studio Solution File, Format Version 12.00
# Visual Studio Version 17
VisualStudioVersion = 17.7.34024.191
MinimumVisualStudioVersion = 10.0.40219.1
Project("{FAE04EC0-301F-11D3-BF4B-00C04F79EFBC}") = "Elevator_Project", "Elevator_Project\Elevator_Project.csproj", "{E6E46503-8E80-48EB-98BC-3A654DF36058}"
EndProject
Global
	GlobalSection(SolutionConfigurationPlatforms) = preSolution
		Debug|Any CPU = Debug|Any CPU
		Release|Any CPU = Release|Any CPU
	EndGlobalSection
	GlobalSection(ProjectConfigurationPlatforms) = postSolution
		{E6E46503-8E80-48EB-98BC-3A654DF36058}.Debug|Any CPU.ActiveCfg = Debug|Any CPU
		{E6E46503-8E80-48EB-98BC-3A654DF36058}.Debug|Any CPU.Build.0 = Debug|Any CPU
		{E6E46503-8E80-48EB-98BC-3A654DF36058}.Release|Any CPU.ActiveCfg = Release|Any CPU
		{E6E46503-8E80-48EB-98BC-3A654DF36058}.Release|Any CPU.Build.0 = Release|Any CPU
	EndGlobalSection
	GlobalSection(SolutionProperties) = preSolution
		HideSolutionNode = FALSE
	EndGlobalSection
	GlobalSection(ExtensibilityGlobals) = postSolution
		SolutionGuid = {7ABF5031-5345-4D8E-A4A7-E55DF54FC57F}
	EndGlobalSection
EndGlobal
